
Microsoft Visual Studio Solution File, Format Version 12.00
# Visual Studio Version 17
VisualStudioVersion = 17.0.31912.275
MinimumVisualStudioVersion = 10.0.40219.1
Project("{9A19103F-16F7-4668-BE54-9A1E7A4F7556}") = "iRLeagueApiCore.Common", "iRLeagueApiCore.Common\iRLeagueApiCore.Common.csproj", "{50D4C91B-F279-4227-B738-7609CC1EF612}"
EndProject
Global
	GlobalSection(SolutionConfigurationPlatforms) = preSolution
		Debug|Any CPU = Debug|Any CPU
		Release|Any CPU = Release|Any CPU
	EndGlobalSection
	GlobalSection(ProjectConfigurationPlatforms) = postSolution
		{50D4C91B-F279-4227-B738-7609CC1EF612}.Debug|Any CPU.ActiveCfg = Debug|Any CPU
		{50D4C91B-F279-4227-B738-7609CC1EF612}.Debug|Any CPU.Build.0 = Debug|Any CPU
		{50D4C91B-F279-4227-B738-7609CC1EF612}.Release|Any CPU.ActiveCfg = Release|Any CPU
		{50D4C91B-F279-4227-B738-7609CC1EF612}.Release|Any CPU.Build.0 = Release|Any CPU
	EndGlobalSection
	GlobalSection(SolutionProperties) = preSolution
		HideSolutionNode = FALSE
	EndGlobalSection
	GlobalSection(ExtensibilityGlobals) = postSolution
		SolutionGuid = {9A22D47A-3038-4120-AC6A-448699FF33A8}
	EndGlobalSection
EndGlobal
